// !$*UTF8*$!
{
	archiveVersion = 1;
	classes = {
	};
	objectVersion = 46;
	objects = {

/* Begin PBXBuildFile section */
		7344B8A91C19727B002E49ED /* Dot.swift in Sources */ = {isa = PBXBuildFile; fileRef = 7344B8A81C19727B002E49ED /* Dot.swift */; settings = {ASSET_TAGS = (); }; };
		7344B8AB1C19772A002E49ED /* DrawView.swift in Sources */ = {isa = PBXBuildFile; fileRef = 7344B8AA1C19772A002E49ED /* DrawView.swift */; settings = {ASSET_TAGS = (); }; };
		7367B38F1CCE5DBE00CEBA58 /* PushIdGeneratorBase.swift in Sources */ = {isa = PBXBuildFile; fileRef = 7367B38D1CCE5DBE00CEBA58 /* PushIdGeneratorBase.swift */; settings = {ASSET_TAGS = (); }; };
		7367B3901CCE5DBE00CEBA58 /* SocketIOProxyClient.swift in Sources */ = {isa = PBXBuildFile; fileRef = 7367B38E1CCE5DBE00CEBA58 /* SocketIOProxyClient.swift */; settings = {ASSET_TAGS = (); }; };
		7367B3D61CCE5EF400CEBA58 /* SocketAckEmitter.swift in Sources */ = {isa = PBXBuildFile; fileRef = 7367B3BF1CCE5EF400CEBA58 /* SocketAckEmitter.swift */; settings = {ASSET_TAGS = (); }; };
		7367B3D71CCE5EF400CEBA58 /* SocketAckManager.swift in Sources */ = {isa = PBXBuildFile; fileRef = 7367B3C01CCE5EF400CEBA58 /* SocketAckManager.swift */; settings = {ASSET_TAGS = (); }; };
		7367B3D81CCE5EF400CEBA58 /* SocketAnyEvent.swift in Sources */ = {isa = PBXBuildFile; fileRef = 7367B3C11CCE5EF400CEBA58 /* SocketAnyEvent.swift */; settings = {ASSET_TAGS = (); }; };
		7367B3DA1CCE5EF400CEBA58 /* SocketEngine.swift in Sources */ = {isa = PBXBuildFile; fileRef = 7367B3C31CCE5EF400CEBA58 /* SocketEngine.swift */; settings = {ASSET_TAGS = (); }; };
		7367B3DB1CCE5EF400CEBA58 /* SocketEngineClient.swift in Sources */ = {isa = PBXBuildFile; fileRef = 7367B3C41CCE5EF400CEBA58 /* SocketEngineClient.swift */; settings = {ASSET_TAGS = (); }; };
		7367B3DC1CCE5EF400CEBA58 /* SocketEnginePacketType.swift in Sources */ = {isa = PBXBuildFile; fileRef = 7367B3C51CCE5EF400CEBA58 /* SocketEnginePacketType.swift */; settings = {ASSET_TAGS = (); }; };
		7367B3DE1CCE5EF400CEBA58 /* SocketEngineSpec.swift in Sources */ = {isa = PBXBuildFile; fileRef = 7367B3C71CCE5EF400CEBA58 /* SocketEngineSpec.swift */; settings = {ASSET_TAGS = (); }; };
		7367B3E01CCE5EF400CEBA58 /* SocketEventHandler.swift in Sources */ = {isa = PBXBuildFile; fileRef = 7367B3C91CCE5EF400CEBA58 /* SocketEventHandler.swift */; settings = {ASSET_TAGS = (); }; };
		7367B3E11CCE5EF400CEBA58 /* SocketFixUTF8.swift in Sources */ = {isa = PBXBuildFile; fileRef = 7367B3CA1CCE5EF400CEBA58 /* SocketFixUTF8.swift */; settings = {ASSET_TAGS = (); }; };
		7367B3E21CCE5EF400CEBA58 /* SocketIOClient.swift in Sources */ = {isa = PBXBuildFile; fileRef = 7367B3CB1CCE5EF400CEBA58 /* SocketIOClient.swift */; settings = {ASSET_TAGS = (); }; };
		7367B3E31CCE5EF400CEBA58 /* SocketIOClientOption.swift in Sources */ = {isa = PBXBuildFile; fileRef = 7367B3CC1CCE5EF400CEBA58 /* SocketIOClientOption.swift */; settings = {ASSET_TAGS = (); }; };
		7367B3E41CCE5EF400CEBA58 /* SocketIOClientStatus.swift in Sources */ = {isa = PBXBuildFile; fileRef = 7367B3CD1CCE5EF400CEBA58 /* SocketIOClientStatus.swift */; settings = {ASSET_TAGS = (); }; };
		7367B3E51CCE5EF400CEBA58 /* SocketLogger.swift in Sources */ = {isa = PBXBuildFile; fileRef = 7367B3CE1CCE5EF400CEBA58 /* SocketLogger.swift */; settings = {ASSET_TAGS = (); }; };
		7367B3E61CCE5EF400CEBA58 /* SocketPacket.swift in Sources */ = {isa = PBXBuildFile; fileRef = 7367B3CF1CCE5EF400CEBA58 /* SocketPacket.swift */; settings = {ASSET_TAGS = (); }; };
		7367B3E81CCE5EF400CEBA58 /* SocketParser.swift in Sources */ = {isa = PBXBuildFile; fileRef = 7367B3D11CCE5EF400CEBA58 /* SocketParser.swift */; settings = {ASSET_TAGS = (); }; };
		7367B3E91CCE5EF400CEBA58 /* SocketStringReader.swift in Sources */ = {isa = PBXBuildFile; fileRef = 7367B3D21CCE5EF400CEBA58 /* SocketStringReader.swift */; settings = {ASSET_TAGS = (); }; };
		7367B3EA1CCE5EF400CEBA58 /* SocketTypes.swift in Sources */ = {isa = PBXBuildFile; fileRef = 7367B3D31CCE5EF400CEBA58 /* SocketTypes.swift */; settings = {ASSET_TAGS = (); }; };
		7367B3EB1CCE5EF400CEBA58 /* SwiftRegex.swift in Sources */ = {isa = PBXBuildFile; fileRef = 7367B3D41CCE5EF400CEBA58 /* SwiftRegex.swift */; settings = {ASSET_TAGS = (); }; };
		7367B3EC1CCE5EF400CEBA58 /* WebSocket.swift in Sources */ = {isa = PBXBuildFile; fileRef = 7367B3D51CCE5EF400CEBA58 /* WebSocket.swift */; settings = {ASSET_TAGS = (); }; };
		73C9A0B21CBD27EE0058330C /* MisakaSocketOcEvent.m in Sources */ = {isa = PBXBuildFile; fileRef = 73C9A0A51CBD27EE0058330C /* MisakaSocketOcEvent.m */; settings = {ASSET_TAGS = (); }; };
		73C9A0B41CBD27EE0058330C /* PushIdGeneratorBaseOc.m in Sources */ = {isa = PBXBuildFile; fileRef = 73C9A0A91CBD27EE0058330C /* PushIdGeneratorBaseOc.m */; settings = {ASSET_TAGS = (); }; };
		73C9A0B51CBD27EE0058330C /* SocketIOProxyClientOC.m in Sources */ = {isa = PBXBuildFile; fileRef = 73C9A0AB1CBD27EE0058330C /* SocketIOProxyClientOC.m */; settings = {ASSET_TAGS = (); }; };
		73C9A0B61CBD27EE0058330C /* SocketPacketOc.m in Sources */ = {isa = PBXBuildFile; fileRef = 73C9A0AD1CBD27EE0058330C /* SocketPacketOc.m */; settings = {ASSET_TAGS = (); }; };
		73C9A0B71CBD27EE0058330C /* SocketParserOc.m in Sources */ = {isa = PBXBuildFile; fileRef = 73C9A0AF1CBD27EE0058330C /* SocketParserOc.m */; settings = {ASSET_TAGS = (); }; };
		73C9A0B81CBD27EE0058330C /* SocketStringReaderOc.m in Sources */ = {isa = PBXBuildFile; fileRef = 73C9A0B11CBD27EE0058330C /* SocketStringReaderOc.m */; settings = {ASSET_TAGS = (); }; };
		D25FADC91BDE588500BC758E /* AppDelegate.swift in Sources */ = {isa = PBXBuildFile; fileRef = D25FADC81BDE588500BC758E /* AppDelegate.swift */; };
		D25FADCB1BDE588500BC758E /* ViewController.swift in Sources */ = {isa = PBXBuildFile; fileRef = D25FADCA1BDE588500BC758E /* ViewController.swift */; };
		D25FADCE1BDE588500BC758E /* Main.storyboard in Resources */ = {isa = PBXBuildFile; fileRef = D25FADCC1BDE588500BC758E /* Main.storyboard */; };
		D25FADD01BDE588500BC758E /* Assets.xcassets in Resources */ = {isa = PBXBuildFile; fileRef = D25FADCF1BDE588500BC758E /* Assets.xcassets */; };
		D25FADD31BDE588500BC758E /* LaunchScreen.storyboard in Resources */ = {isa = PBXBuildFile; fileRef = D25FADD11BDE588500BC758E /* LaunchScreen.storyboard */; };
		D2710CEB2BEBB9C74BD7357D /* libPods.a in Frameworks */ = {isa = PBXBuildFile; fileRef = 03BC9C50DFA220761299A71C /* libPods.a */; };
/* End PBXBuildFile section */

/* Begin PBXCopyFilesBuildPhase section */
		D25FADE41BDE58C500BC758E /* Embed Frameworks */ = {
			isa = PBXCopyFilesBuildPhase;
			buildActionMask = 2147483647;
			dstPath = "";
			dstSubfolderSpec = 10;
			files = (
			);
			name = "Embed Frameworks";
			runOnlyForDeploymentPostprocessing = 0;
		};
/* End PBXCopyFilesBuildPhase section */

/* Begin PBXFileReference section */
		03BC9C50DFA220761299A71C /* libPods.a */ = {isa = PBXFileReference; explicitFileType = archive.ar; includeInIndex = 0; path = libPods.a; sourceTree = BUILT_PRODUCTS_DIR; };
		7344B8A81C19727B002E49ED /* Dot.swift */ = {isa = PBXFileReference; fileEncoding = 4; lastKnownFileType = sourcecode.swift; path = Dot.swift; sourceTree = "<group>"; };
		7344B8AA1C19772A002E49ED /* DrawView.swift */ = {isa = PBXFileReference; fileEncoding = 4; lastKnownFileType = sourcecode.swift; path = DrawView.swift; sourceTree = "<group>"; };
		7367B38D1CCE5DBE00CEBA58 /* PushIdGeneratorBase.swift */ = {isa = PBXFileReference; fileEncoding = 4; lastKnownFileType = sourcecode.swift; name = PushIdGeneratorBase.swift; path = "push-swift/PushIdGeneratorBase.swift"; sourceTree = "<group>"; };
		7367B38E1CCE5DBE00CEBA58 /* SocketIOProxyClient.swift */ = {isa = PBXFileReference; fileEncoding = 4; lastKnownFileType = sourcecode.swift; name = SocketIOProxyClient.swift; path = "push-swift/SocketIOProxyClient.swift"; sourceTree = "<group>"; };
		7367B3BF1CCE5EF400CEBA58 /* SocketAckEmitter.swift */ = {isa = PBXFileReference; fileEncoding = 4; lastKnownFileType = sourcecode.swift; path = SocketAckEmitter.swift; sourceTree = "<group>"; };
		7367B3C01CCE5EF400CEBA58 /* SocketAckManager.swift */ = {isa = PBXFileReference; fileEncoding = 4; lastKnownFileType = sourcecode.swift; path = SocketAckManager.swift; sourceTree = "<group>"; };
		7367B3C11CCE5EF400CEBA58 /* SocketAnyEvent.swift */ = {isa = PBXFileReference; fileEncoding = 4; lastKnownFileType = sourcecode.swift; path = SocketAnyEvent.swift; sourceTree = "<group>"; };
		7367B3C31CCE5EF400CEBA58 /* SocketEngine.swift */ = {isa = PBXFileReference; fileEncoding = 4; lastKnownFileType = sourcecode.swift; path = SocketEngine.swift; sourceTree = "<group>"; };
		7367B3C41CCE5EF400CEBA58 /* SocketEngineClient.swift */ = {isa = PBXFileReference; fileEncoding = 4; lastKnownFileType = sourcecode.swift; path = SocketEngineClient.swift; sourceTree = "<group>"; };
		7367B3C51CCE5EF400CEBA58 /* SocketEnginePacketType.swift */ = {isa = PBXFileReference; fileEncoding = 4; lastKnownFileType = sourcecode.swift; path = SocketEnginePacketType.swift; sourceTree = "<group>"; };
		7367B3C71CCE5EF400CEBA58 /* SocketEngineSpec.swift */ = {isa = PBXFileReference; fileEncoding = 4; lastKnownFileType = sourcecode.swift; path = SocketEngineSpec.swift; sourceTree = "<group>"; };
		7367B3C91CCE5EF400CEBA58 /* SocketEventHandler.swift */ = {isa = PBXFileReference; fileEncoding = 4; lastKnownFileType = sourcecode.swift; path = SocketEventHandler.swift; sourceTree = "<group>"; };
		7367B3CA1CCE5EF400CEBA58 /* SocketFixUTF8.swift */ = {isa = PBXFileReference; fileEncoding = 4; lastKnownFileType = sourcecode.swift; path = SocketFixUTF8.swift; sourceTree = "<group>"; };
		7367B3CB1CCE5EF400CEBA58 /* SocketIOClient.swift */ = {isa = PBXFileReference; fileEncoding = 4; lastKnownFileType = sourcecode.swift; path = SocketIOClient.swift; sourceTree = "<group>"; };
		7367B3CC1CCE5EF400CEBA58 /* SocketIOClientOption.swift */ = {isa = PBXFileReference; fileEncoding = 4; lastKnownFileType = sourcecode.swift; path = SocketIOClientOption.swift; sourceTree = "<group>"; };
		7367B3CD1CCE5EF400CEBA58 /* SocketIOClientStatus.swift */ = {isa = PBXFileReference; fileEncoding = 4; lastKnownFileType = sourcecode.swift; path = SocketIOClientStatus.swift; sourceTree = "<group>"; };
		7367B3CE1CCE5EF400CEBA58 /* SocketLogger.swift */ = {isa = PBXFileReference; fileEncoding = 4; lastKnownFileType = sourcecode.swift; path = SocketLogger.swift; sourceTree = "<group>"; };
		7367B3CF1CCE5EF400CEBA58 /* SocketPacket.swift */ = {isa = PBXFileReference; fileEncoding = 4; lastKnownFileType = sourcecode.swift; path = SocketPacket.swift; sourceTree = "<group>"; };
		7367B3D11CCE5EF400CEBA58 /* SocketParser.swift */ = {isa = PBXFileReference; fileEncoding = 4; lastKnownFileType = sourcecode.swift; path = SocketParser.swift; sourceTree = "<group>"; };
		7367B3D21CCE5EF400CEBA58 /* SocketStringReader.swift */ = {isa = PBXFileReference; fileEncoding = 4; lastKnownFileType = sourcecode.swift; path = SocketStringReader.swift; sourceTree = "<group>"; };
		7367B3D31CCE5EF400CEBA58 /* SocketTypes.swift */ = {isa = PBXFileReference; fileEncoding = 4; lastKnownFileType = sourcecode.swift; path = SocketTypes.swift; sourceTree = "<group>"; };
		7367B3D41CCE5EF400CEBA58 /* SwiftRegex.swift */ = {isa = PBXFileReference; fileEncoding = 4; lastKnownFileType = sourcecode.swift; path = SwiftRegex.swift; sourceTree = "<group>"; };
		7367B3D51CCE5EF400CEBA58 /* WebSocket.swift */ = {isa = PBXFileReference; fileEncoding = 4; lastKnownFileType = sourcecode.swift; path = WebSocket.swift; sourceTree = "<group>"; };
		73C9A0781CBD27800058330C /* misakaSwift.h */ = {isa = PBXFileReference; fileEncoding = 4; lastKnownFileType = sourcecode.c.h; name = misakaSwift.h; path = "push-swift/misakaSwift.h"; sourceTree = "<group>"; };
		73C9A0A31CBD27EA0058330C /* misakaDemo-Bridging-Header.h */ = {isa = PBXFileReference; lastKnownFileType = sourcecode.c.h; path = "misakaDemo-Bridging-Header.h"; sourceTree = "<group>"; };
		73C9A0A41CBD27EE0058330C /* MisakaSocketOcEvent.h */ = {isa = PBXFileReference; fileEncoding = 4; lastKnownFileType = sourcecode.c.h; name = MisakaSocketOcEvent.h; path = "push-oc/MisakaSocketOcEvent.h"; sourceTree = "<group>"; };
		73C9A0A51CBD27EE0058330C /* MisakaSocketOcEvent.m */ = {isa = PBXFileReference; fileEncoding = 4; lastKnownFileType = sourcecode.c.objc; name = MisakaSocketOcEvent.m; path = "push-oc/MisakaSocketOcEvent.m"; sourceTree = "<group>"; };
		73C9A0A81CBD27EE0058330C /* PushIdGeneratorBaseOc.h */ = {isa = PBXFileReference; fileEncoding = 4; lastKnownFileType = sourcecode.c.h; name = PushIdGeneratorBaseOc.h; path = "push-oc/PushIdGeneratorBaseOc.h"; sourceTree = "<group>"; };
		73C9A0A91CBD27EE0058330C /* PushIdGeneratorBaseOc.m */ = {isa = PBXFileReference; fileEncoding = 4; lastKnownFileType = sourcecode.c.objc; name = PushIdGeneratorBaseOc.m; path = "push-oc/PushIdGeneratorBaseOc.m"; sourceTree = "<group>"; };
		73C9A0AA1CBD27EE0058330C /* SocketIOProxyClientOC.h */ = {isa = PBXFileReference; fileEncoding = 4; lastKnownFileType = sourcecode.c.h; name = SocketIOProxyClientOC.h; path = "push-oc/SocketIOProxyClientOC.h"; sourceTree = "<group>"; };
		73C9A0AB1CBD27EE0058330C /* SocketIOProxyClientOC.m */ = {isa = PBXFileReference; fileEncoding = 4; lastKnownFileType = sourcecode.c.objc; name = SocketIOProxyClientOC.m; path = "push-oc/SocketIOProxyClientOC.m"; sourceTree = "<group>"; };
		73C9A0AC1CBD27EE0058330C /* SocketPacketOc.h */ = {isa = PBXFileReference; fileEncoding = 4; lastKnownFileType = sourcecode.c.h; name = SocketPacketOc.h; path = "push-oc/SocketPacketOc.h"; sourceTree = "<group>"; };
		73C9A0AD1CBD27EE0058330C /* SocketPacketOc.m */ = {isa = PBXFileReference; fileEncoding = 4; lastKnownFileType = sourcecode.c.objc; name = SocketPacketOc.m; path = "push-oc/SocketPacketOc.m"; sourceTree = "<group>"; };
		73C9A0AE1CBD27EE0058330C /* SocketParserOc.h */ = {isa = PBXFileReference; fileEncoding = 4; lastKnownFileType = sourcecode.c.h; name = SocketParserOc.h; path = "push-oc/SocketParserOc.h"; sourceTree = "<group>"; };
		73C9A0AF1CBD27EE0058330C /* SocketParserOc.m */ = {isa = PBXFileReference; fileEncoding = 4; lastKnownFileType = sourcecode.c.objc; name = SocketParserOc.m; path = "push-oc/SocketParserOc.m"; sourceTree = "<group>"; };
		73C9A0B01CBD27EE0058330C /* SocketStringReaderOc.h */ = {isa = PBXFileReference; fileEncoding = 4; lastKnownFileType = sourcecode.c.h; name = SocketStringReaderOc.h; path = "push-oc/SocketStringReaderOc.h"; sourceTree = "<group>"; };
		73C9A0B11CBD27EE0058330C /* SocketStringReaderOc.m */ = {isa = PBXFileReference; fileEncoding = 4; lastKnownFileType = sourcecode.c.objc; name = SocketStringReaderOc.m; path = "push-oc/SocketStringReaderOc.m"; sourceTree = "<group>"; };
		8DEC250981E78FDA6F206CB6 /* Pods.debug.xcconfig */ = {isa = PBXFileReference; includeInIndex = 1; lastKnownFileType = text.xcconfig; name = Pods.debug.xcconfig; path = "Pods/Target Support Files/Pods/Pods.debug.xcconfig"; sourceTree = "<group>"; };
		944D66DB61090BE9A1F6685B /* Pods.release.xcconfig */ = {isa = PBXFileReference; includeInIndex = 1; lastKnownFileType = text.xcconfig; name = Pods.release.xcconfig; path = "Pods/Target Support Files/Pods/Pods.release.xcconfig"; sourceTree = "<group>"; };
		D25FADC51BDE588500BC758E /* misakaDemo.app */ = {isa = PBXFileReference; explicitFileType = wrapper.application; includeInIndex = 0; path = misakaDemo.app; sourceTree = BUILT_PRODUCTS_DIR; };
		D25FADC81BDE588500BC758E /* AppDelegate.swift */ = {isa = PBXFileReference; lastKnownFileType = sourcecode.swift; path = AppDelegate.swift; sourceTree = "<group>"; };
		D25FADCA1BDE588500BC758E /* ViewController.swift */ = {isa = PBXFileReference; lastKnownFileType = sourcecode.swift; path = ViewController.swift; sourceTree = "<group>"; };
		D25FADCD1BDE588500BC758E /* Base */ = {isa = PBXFileReference; lastKnownFileType = file.storyboard; name = Base; path = Base.lproj/Main.storyboard; sourceTree = "<group>"; };
		D25FADCF1BDE588500BC758E /* Assets.xcassets */ = {isa = PBXFileReference; lastKnownFileType = folder.assetcatalog; path = Assets.xcassets; sourceTree = "<group>"; };
		D25FADD21BDE588500BC758E /* Base */ = {isa = PBXFileReference; lastKnownFileType = file.storyboard; name = Base; path = Base.lproj/LaunchScreen.storyboard; sourceTree = "<group>"; };
		D25FADD41BDE588500BC758E /* Info.plist */ = {isa = PBXFileReference; lastKnownFileType = text.plist.xml; path = Info.plist; sourceTree = "<group>"; };
/* End PBXFileReference section */

/* Begin PBXFrameworksBuildPhase section */
		D25FADC21BDE588500BC758E /* Frameworks */ = {
			isa = PBXFrameworksBuildPhase;
			buildActionMask = 2147483647;
			files = (
				D2710CEB2BEBB9C74BD7357D /* libPods.a in Frameworks */,
			);
			runOnlyForDeploymentPostprocessing = 0;
		};
/* End PBXFrameworksBuildPhase section */

/* Begin PBXGroup section */
		40E9C018B6130E6E57D9B0D7 /* Frameworks */ = {
			isa = PBXGroup;
			children = (
				03BC9C50DFA220761299A71C /* libPods.a */,
			);
			name = Frameworks;
			sourceTree = "<group>";
		};
		73C9A0721CBD272C0058330C /* push-swift */ = {
			isa = PBXGroup;
			children = (
				7367B38D1CCE5DBE00CEBA58 /* PushIdGeneratorBase.swift */,
				7367B38E1CCE5DBE00CEBA58 /* SocketIOProxyClient.swift */,
				73C9A0781CBD27800058330C /* misakaSwift.h */,
				73C9A0791CBD27800058330C /* SocketIOClientSwift */,
			);
			name = "push-swift";
			sourceTree = "<group>";
		};
		73C9A0731CBD27380058330C /* push-oc */ = {
			isa = PBXGroup;
			children = (
				73C9A0A41CBD27EE0058330C /* MisakaSocketOcEvent.h */,
				73C9A0A51CBD27EE0058330C /* MisakaSocketOcEvent.m */,
				73C9A0A81CBD27EE0058330C /* PushIdGeneratorBaseOc.h */,
				73C9A0A91CBD27EE0058330C /* PushIdGeneratorBaseOc.m */,
				73C9A0AA1CBD27EE0058330C /* SocketIOProxyClientOC.h */,
				73C9A0AB1CBD27EE0058330C /* SocketIOProxyClientOC.m */,
				73C9A0AC1CBD27EE0058330C /* SocketPacketOc.h */,
				73C9A0AD1CBD27EE0058330C /* SocketPacketOc.m */,
				73C9A0AE1CBD27EE0058330C /* SocketParserOc.h */,
				73C9A0AF1CBD27EE0058330C /* SocketParserOc.m */,
				73C9A0B01CBD27EE0058330C /* SocketStringReaderOc.h */,
				73C9A0B11CBD27EE0058330C /* SocketStringReaderOc.m */,
			);
			name = "push-oc";
			sourceTree = "<group>";
		};
		73C9A0791CBD27800058330C /* SocketIOClientSwift */ = {
			isa = PBXGroup;
			children = (
				7367B3BF1CCE5EF400CEBA58 /* SocketAckEmitter.swift */,
				7367B3C01CCE5EF400CEBA58 /* SocketAckManager.swift */,
				7367B3C11CCE5EF400CEBA58 /* SocketAnyEvent.swift */,
				7367B3C31CCE5EF400CEBA58 /* SocketEngine.swift */,
				7367B3C41CCE5EF400CEBA58 /* SocketEngineClient.swift */,
				7367B3C51CCE5EF400CEBA58 /* SocketEnginePacketType.swift */,
				7367B3C71CCE5EF400CEBA58 /* SocketEngineSpec.swift */,
				7367B3C91CCE5EF400CEBA58 /* SocketEventHandler.swift */,
				7367B3CA1CCE5EF400CEBA58 /* SocketFixUTF8.swift */,
				7367B3CB1CCE5EF400CEBA58 /* SocketIOClient.swift */,
				7367B3CC1CCE5EF400CEBA58 /* SocketIOClientOption.swift */,
				7367B3CD1CCE5EF400CEBA58 /* SocketIOClientStatus.swift */,
				7367B3CE1CCE5EF400CEBA58 /* SocketLogger.swift */,
				7367B3CF1CCE5EF400CEBA58 /* SocketPacket.swift */,
				7367B3D11CCE5EF400CEBA58 /* SocketParser.swift */,
				7367B3D21CCE5EF400CEBA58 /* SocketStringReader.swift */,
				7367B3D31CCE5EF400CEBA58 /* SocketTypes.swift */,
				7367B3D41CCE5EF400CEBA58 /* SwiftRegex.swift */,
				7367B3D51CCE5EF400CEBA58 /* WebSocket.swift */,
			);
			name = SocketIOClientSwift;
			path = "push-swift/SocketIOClientSwift";
			sourceTree = "<group>";
		};
		D25FADBC1BDE588500BC758E = {
			isa = PBXGroup;
			children = (
				D25FADC71BDE588500BC758E /* misakaDemo */,
				D25FADC61BDE588500BC758E /* Products */,
				F9C022B909469C4C8D6E6BC8 /* Pods */,
				40E9C018B6130E6E57D9B0D7 /* Frameworks */,
			);
			sourceTree = "<group>";
		};
		D25FADC61BDE588500BC758E /* Products */ = {
			isa = PBXGroup;
			children = (
				D25FADC51BDE588500BC758E /* misakaDemo.app */,
			);
			name = Products;
			sourceTree = "<group>";
		};
		D25FADC71BDE588500BC758E /* misakaDemo */ = {
			isa = PBXGroup;
			children = (
				73C9A0A31CBD27EA0058330C /* misakaDemo-Bridging-Header.h */,
				73C9A0731CBD27380058330C /* push-oc */,
				73C9A0721CBD272C0058330C /* push-swift */,
				D25FADC81BDE588500BC758E /* AppDelegate.swift */,
				D25FADCA1BDE588500BC758E /* ViewController.swift */,
				7344B8AA1C19772A002E49ED /* DrawView.swift */,
				7344B8A81C19727B002E49ED /* Dot.swift */,
				D25FADCC1BDE588500BC758E /* Main.storyboard */,
				D25FADCF1BDE588500BC758E /* Assets.xcassets */,
				D25FADD11BDE588500BC758E /* LaunchScreen.storyboard */,
				D25FADD41BDE588500BC758E /* Info.plist */,
			);
			path = misakaDemo;
			sourceTree = "<group>";
		};
		F9C022B909469C4C8D6E6BC8 /* Pods */ = {
			isa = PBXGroup;
			children = (
				8DEC250981E78FDA6F206CB6 /* Pods.debug.xcconfig */,
				944D66DB61090BE9A1F6685B /* Pods.release.xcconfig */,
			);
			name = Pods;
			sourceTree = "<group>";
		};
/* End PBXGroup section */

/* Begin PBXNativeTarget section */
		D25FADC41BDE588500BC758E /* misakaDemo */ = {
			isa = PBXNativeTarget;
			buildConfigurationList = D25FADD71BDE588500BC758E /* Build configuration list for PBXNativeTarget "misakaDemo" */;
			buildPhases = (
				422D93C329B3A87527187AEB /* Check Pods Manifest.lock */,
				D25FADC11BDE588500BC758E /* Sources */,
				D25FADC21BDE588500BC758E /* Frameworks */,
				D25FADC31BDE588500BC758E /* Resources */,
				D25FADE41BDE58C500BC758E /* Embed Frameworks */,
				1E6D41122FCEAEE572BA6AF6 /* Embed Pods Frameworks */,
				0120CA4336676DF6D1CB3A70 /* Copy Pods Resources */,
			);
			buildRules = (
			);
			dependencies = (
			);
			name = misakaDemo;
			productName = misakaDemo;
			productReference = D25FADC51BDE588500BC758E /* misakaDemo.app */;
			productType = "com.apple.product-type.application";
		};
/* End PBXNativeTarget section */

/* Begin PBXProject section */
		D25FADBD1BDE588500BC758E /* Project object */ = {
			isa = PBXProject;
			attributes = {
				LastSwiftUpdateCheck = 0700;
				LastUpgradeCheck = 0700;
				ORGANIZATIONNAME = crazylhf;
				TargetAttributes = {
					D25FADC41BDE588500BC758E = {
						CreatedOnToolsVersion = 7.0.1;
						DevelopmentTeam = PVE2WH4PE2;
						SystemCapabilities = {
							com.apple.Push = {
								enabled = 1;
							};
						};
					};
				};
			};
			buildConfigurationList = D25FADC01BDE588500BC758E /* Build configuration list for PBXProject "misakaDemo" */;
			compatibilityVersion = "Xcode 3.2";
			developmentRegion = English;
			hasScannedForEncodings = 0;
			knownRegions = (
				en,
				Base,
			);
			mainGroup = D25FADBC1BDE588500BC758E;
			productRefGroup = D25FADC61BDE588500BC758E /* Products */;
			projectDirPath = "";
			projectRoot = "";
			targets = (
				D25FADC41BDE588500BC758E /* misakaDemo */,
			);
		};
/* End PBXProject section */

/* Begin PBXResourcesBuildPhase section */
		D25FADC31BDE588500BC758E /* Resources */ = {
			isa = PBXResourcesBuildPhase;
			buildActionMask = 2147483647;
			files = (
				D25FADD31BDE588500BC758E /* LaunchScreen.storyboard in Resources */,
				D25FADD01BDE588500BC758E /* Assets.xcassets in Resources */,
				D25FADCE1BDE588500BC758E /* Main.storyboard in Resources */,
			);
			runOnlyForDeploymentPostprocessing = 0;
		};
/* End PBXResourcesBuildPhase section */

/* Begin PBXShellScriptBuildPhase section */
		0120CA4336676DF6D1CB3A70 /* Copy Pods Resources */ = {
			isa = PBXShellScriptBuildPhase;
			buildActionMask = 2147483647;
			files = (
			);
			inputPaths = (
			);
			name = "Copy Pods Resources";
			outputPaths = (
			);
			runOnlyForDeploymentPostprocessing = 0;
			shellPath = /bin/sh;
			shellScript = "\"${SRCROOT}/Pods/Target Support Files/Pods/Pods-resources.sh\"\n";
			showEnvVarsInLog = 0;
		};
		1E6D41122FCEAEE572BA6AF6 /* Embed Pods Frameworks */ = {
			isa = PBXShellScriptBuildPhase;
			buildActionMask = 2147483647;
			files = (
			);
			inputPaths = (
			);
			name = "Embed Pods Frameworks";
			outputPaths = (
			);
			runOnlyForDeploymentPostprocessing = 0;
			shellPath = /bin/sh;
			shellScript = "\"${SRCROOT}/Pods/Target Support Files/Pods/Pods-frameworks.sh\"\n";
			showEnvVarsInLog = 0;
		};
		422D93C329B3A87527187AEB /* Check Pods Manifest.lock */ = {
			isa = PBXShellScriptBuildPhase;
			buildActionMask = 2147483647;
			files = (
			);
			inputPaths = (
			);
			name = "Check Pods Manifest.lock";
			outputPaths = (
			);
			runOnlyForDeploymentPostprocessing = 0;
			shellPath = /bin/sh;
			shellScript = "diff \"${PODS_ROOT}/../Podfile.lock\" \"${PODS_ROOT}/Manifest.lock\" > /dev/null\nif [[ $? != 0 ]] ; then\n    cat << EOM\nerror: The sandbox is not in sync with the Podfile.lock. Run 'pod install' or update your CocoaPods installation.\nEOM\n    exit 1\nfi\n";
			showEnvVarsInLog = 0;
		};
/* End PBXShellScriptBuildPhase section */

/* Begin PBXSourcesBuildPhase section */
		D25FADC11BDE588500BC758E /* Sources */ = {
			isa = PBXSourcesBuildPhase;
			buildActionMask = 2147483647;
			files = (
				7367B3D61CCE5EF400CEBA58 /* SocketAckEmitter.swift in Sources */,
				7367B3E41CCE5EF400CEBA58 /* SocketIOClientStatus.swift in Sources */,
				7367B38F1CCE5DBE00CEBA58 /* PushIdGeneratorBase.swift in Sources */,
				73C9A0B41CBD27EE0058330C /* PushIdGeneratorBaseOc.m in Sources */,
				D25FADCB1BDE588500BC758E /* ViewController.swift in Sources */,
				7367B3E61CCE5EF400CEBA58 /* SocketPacket.swift in Sources */,
				7367B3E91CCE5EF400CEBA58 /* SocketStringReader.swift in Sources */,
				7367B3DC1CCE5EF400CEBA58 /* SocketEnginePacketType.swift in Sources */,
				7367B3901CCE5DBE00CEBA58 /* SocketIOProxyClient.swift in Sources */,
				7367B3D81CCE5EF400CEBA58 /* SocketAnyEvent.swift in Sources */,
				7367B3DE1CCE5EF400CEBA58 /* SocketEngineSpec.swift in Sources */,
				7367B3EA1CCE5EF400CEBA58 /* SocketTypes.swift in Sources */,
				7367B3DA1CCE5EF400CEBA58 /* SocketEngine.swift in Sources */,
				D25FADC91BDE588500BC758E /* AppDelegate.swift in Sources */,
				7367B3D71CCE5EF400CEBA58 /* SocketAckManager.swift in Sources */,
				7367B3E81CCE5EF400CEBA58 /* SocketParser.swift in Sources */,
				7367B3E01CCE5EF400CEBA58 /* SocketEventHandler.swift in Sources */,
				73C9A0B21CBD27EE0058330C /* MisakaSocketOcEvent.m in Sources */,
				7367B3E21CCE5EF400CEBA58 /* SocketIOClient.swift in Sources */,
				7367B3E51CCE5EF400CEBA58 /* SocketLogger.swift in Sources */,
				7344B8AB1C19772A002E49ED /* DrawView.swift in Sources */,
				73C9A0B71CBD27EE0058330C /* SocketParserOc.m in Sources */,
				7367B3DB1CCE5EF400CEBA58 /* SocketEngineClient.swift in Sources */,
				73C9A0B81CBD27EE0058330C /* SocketStringReaderOc.m in Sources */,
				73C9A0B51CBD27EE0058330C /* SocketIOProxyClientOC.m in Sources */,
				7367B3E11CCE5EF400CEBA58 /* SocketFixUTF8.swift in Sources */,
				73C9A0B61CBD27EE0058330C /* SocketPacketOc.m in Sources */,
				7367B3EB1CCE5EF400CEBA58 /* SwiftRegex.swift in Sources */,
				7367B3E31CCE5EF400CEBA58 /* SocketIOClientOption.swift in Sources */,
				7344B8A91C19727B002E49ED /* Dot.swift in Sources */,
				7367B3EC1CCE5EF400CEBA58 /* WebSocket.swift in Sources */,
			);
			runOnlyForDeploymentPostprocessing = 0;
		};
/* End PBXSourcesBuildPhase section */

/* Begin PBXVariantGroup section */
		D25FADCC1BDE588500BC758E /* Main.storyboard */ = {
			isa = PBXVariantGroup;
			children = (
				D25FADCD1BDE588500BC758E /* Base */,
			);
			name = Main.storyboard;
			sourceTree = "<group>";
		};
		D25FADD11BDE588500BC758E /* LaunchScreen.storyboard */ = {
			isa = PBXVariantGroup;
			children = (
				D25FADD21BDE588500BC758E /* Base */,
			);
			name = LaunchScreen.storyboard;
			sourceTree = "<group>";
		};
/* End PBXVariantGroup section */

/* Begin XCBuildConfiguration section */
		D25FADD51BDE588500BC758E /* Debug */ = {
			isa = XCBuildConfiguration;
			buildSettings = {
				ALWAYS_SEARCH_USER_PATHS = NO;
				CLANG_CXX_LANGUAGE_STANDARD = "gnu++0x";
				CLANG_CXX_LIBRARY = "libc++";
				CLANG_ENABLE_MODULES = YES;
				CLANG_ENABLE_OBJC_ARC = YES;
				CLANG_WARN_BOOL_CONVERSION = YES;
				CLANG_WARN_CONSTANT_CONVERSION = YES;
				CLANG_WARN_DIRECT_OBJC_ISA_USAGE = YES_ERROR;
				CLANG_WARN_EMPTY_BODY = YES;
				CLANG_WARN_ENUM_CONVERSION = YES;
				CLANG_WARN_INT_CONVERSION = YES;
				CLANG_WARN_OBJC_ROOT_CLASS = YES_ERROR;
				CLANG_WARN_UNREACHABLE_CODE = YES;
				CLANG_WARN__DUPLICATE_METHOD_MATCH = YES;
				"CODE_SIGN_IDENTITY[sdk=iphoneos*]" = "iPhone Developer";
				COPY_PHASE_STRIP = NO;
				DEBUG_INFORMATION_FORMAT = dwarf;
				ENABLE_STRICT_OBJC_MSGSEND = YES;
				ENABLE_TESTABILITY = YES;
				GCC_C_LANGUAGE_STANDARD = gnu99;
				GCC_DYNAMIC_NO_PIC = NO;
				GCC_NO_COMMON_BLOCKS = YES;
				GCC_OPTIMIZATION_LEVEL = 0;
				GCC_PREPROCESSOR_DEFINITIONS = (
					"DEBUG=1",
					"$(inherited)",
				);
				GCC_WARN_64_TO_32_BIT_CONVERSION = YES;
				GCC_WARN_ABOUT_RETURN_TYPE = YES_ERROR;
				GCC_WARN_UNDECLARED_SELECTOR = YES;
				GCC_WARN_UNINITIALIZED_AUTOS = YES_AGGRESSIVE;
				GCC_WARN_UNUSED_FUNCTION = YES;
				GCC_WARN_UNUSED_VARIABLE = YES;
				IPHONEOS_DEPLOYMENT_TARGET = 7.0;
				MTL_ENABLE_DEBUG_INFO = YES;
				ONLY_ACTIVE_ARCH = YES;
				PRODUCT_BUNDLE_IDENTIFIER = com.xuduo.pushtest2;
				PROVISIONING_PROFILE = "e9f38005-e1a6-4d91-b46e-20f7e7acbaa3";
				SDKROOT = iphoneos;
				SWIFT_OPTIMIZATION_LEVEL = "-Onone";
			};
			name = Debug;
		};
		D25FADD61BDE588500BC758E /* Release */ = {
			isa = XCBuildConfiguration;
			buildSettings = {
				ALWAYS_SEARCH_USER_PATHS = NO;
				CLANG_CXX_LANGUAGE_STANDARD = "gnu++0x";
				CLANG_CXX_LIBRARY = "libc++";
				CLANG_ENABLE_MODULES = YES;
				CLANG_ENABLE_OBJC_ARC = YES;
				CLANG_WARN_BOOL_CONVERSION = YES;
				CLANG_WARN_CONSTANT_CONVERSION = YES;
				CLANG_WARN_DIRECT_OBJC_ISA_USAGE = YES_ERROR;
				CLANG_WARN_EMPTY_BODY = YES;
				CLANG_WARN_ENUM_CONVERSION = YES;
				CLANG_WARN_INT_CONVERSION = YES;
				CLANG_WARN_OBJC_ROOT_CLASS = YES_ERROR;
				CLANG_WARN_UNREACHABLE_CODE = YES;
				CLANG_WARN__DUPLICATE_METHOD_MATCH = YES;
				"CODE_SIGN_IDENTITY[sdk=iphoneos*]" = "iPhone Developer";
				COPY_PHASE_STRIP = NO;
				DEBUG_INFORMATION_FORMAT = "dwarf-with-dsym";
				ENABLE_NS_ASSERTIONS = NO;
				ENABLE_STRICT_OBJC_MSGSEND = YES;
				GCC_C_LANGUAGE_STANDARD = gnu99;
				GCC_NO_COMMON_BLOCKS = YES;
				GCC_WARN_64_TO_32_BIT_CONVERSION = YES;
				GCC_WARN_ABOUT_RETURN_TYPE = YES_ERROR;
				GCC_WARN_UNDECLARED_SELECTOR = YES;
				GCC_WARN_UNINITIALIZED_AUTOS = YES_AGGRESSIVE;
				GCC_WARN_UNUSED_FUNCTION = YES;
				GCC_WARN_UNUSED_VARIABLE = YES;
				IPHONEOS_DEPLOYMENT_TARGET = 7.0;
				MTL_ENABLE_DEBUG_INFO = NO;
				PROVISIONING_PROFILE = "e9f38005-e1a6-4d91-b46e-20f7e7acbaa3";
				SDKROOT = iphoneos;
				VALIDATE_PRODUCT = YES;
			};
			name = Release;
		};
		D25FADD81BDE588500BC758E /* Debug */ = {
			isa = XCBuildConfiguration;
			baseConfigurationReference = 8DEC250981E78FDA6F206CB6 /* Pods.debug.xcconfig */;
			buildSettings = {
				ASSETCATALOG_COMPILER_APPICON_NAME = AppIcon;
				CLANG_ENABLE_MODULES = YES;
				CODE_SIGN_IDENTITY = "iPhone Developer";
				"CODE_SIGN_IDENTITY[sdk=iphoneos*]" = "iPhone Developer";
				EMBEDDED_CONTENT_CONTAINS_SWIFT = YES;
				INFOPLIST_FILE = misakaDemo/Info.plist;
				LD_RUNPATH_SEARCH_PATHS = "$(inherited) @executable_path/Frameworks";
				PRODUCT_BUNDLE_IDENTIFIER = com.xuduo.pushtest2;
				PRODUCT_NAME = "$(TARGET_NAME)";
				PROVISIONING_PROFILE = "e9f38005-e1a6-4d91-b46e-20f7e7acbaa3";
				SWIFT_OBJC_BRIDGING_HEADER = "$(SRCROOT)/misakaDemo/misakaDemo-Bridging-Header.h";
				SWIFT_OPTIMIZATION_LEVEL = "-Onone";
				TARGETED_DEVICE_FAMILY = "1,2";
			};
			name = Debug;
		};
		D25FADD91BDE588500BC758E /* Release */ = {
			isa = XCBuildConfiguration;
			baseConfigurationReference = 944D66DB61090BE9A1F6685B /* Pods.release.xcconfig */;
			buildSettings = {
				ASSETCATALOG_COMPILER_APPICON_NAME = AppIcon;
				CLANG_ENABLE_MODULES = YES;
				CODE_SIGN_IDENTITY = "iPhone Developer";
				"CODE_SIGN_IDENTITY[sdk=iphoneos*]" = "iPhone Developer";
				EMBEDDED_CONTENT_CONTAINS_SWIFT = YES;
				INFOPLIST_FILE = misakaDemo/Info.plist;
				LD_RUNPATH_SEARCH_PATHS = "$(inherited) @executable_path/Frameworks";
				PRODUCT_BUNDLE_IDENTIFIER = com.xuduo.pushtest2;
				PRODUCT_NAME = "$(TARGET_NAME)";
				PROVISIONING_PROFILE = "e9f38005-e1a6-4d91-b46e-20f7e7acbaa3";
				SWIFT_OBJC_BRIDGING_HEADER = "$(SRCROOT)/misakaDemo/misakaDemo-Bridging-Header.h";
				TARGETED_DEVICE_FAMILY = "1,2";
			};
			name = Release;
		};
/* End XCBuildConfiguration section */

/* Begin XCConfigurationList section */
		D25FADC01BDE588500BC758E /* Build configuration list for PBXProject "misakaDemo" */ = {
			isa = XCConfigurationList;
			buildConfigurations = (
				D25FADD51BDE588500BC758E /* Debug */,
				D25FADD61BDE588500BC758E /* Release */,
			);
			defaultConfigurationIsVisible = 0;
			defaultConfigurationName = Release;
		};
		D25FADD71BDE588500BC758E /* Build configuration list for PBXNativeTarget "misakaDemo" */ = {
			isa = XCConfigurationList;
			buildConfigurations = (
				D25FADD81BDE588500BC758E /* Debug */,
				D25FADD91BDE588500BC758E /* Release */,
			);
			defaultConfigurationIsVisible = 0;
			defaultConfigurationName = Release;
		};
/* End XCConfigurationList section */
	};
	rootObject = D25FADBD1BDE588500BC758E /* Project object */;
}
